
Microsoft Visual Studio Solution File, Format Version 12.00
# Visual Studio 15
VisualStudioVersion = 15.0.28307.1231
MinimumVisualStudioVersion = 10.0.40219.1
Project("{FAE04EC0-301F-11D3-BF4B-00C04F79EFBC}") = "ContactAPI", "ContactAPI\ContactAPI.csproj", "{E212594A-4D4F-4FAF-A2D7-08388EBE6D48}"
EndProject
Global
	GlobalSection(SolutionConfigurationPlatforms) = preSolution
		Debug|Any CPU = Debug|Any CPU
		Release|Any CPU = Release|Any CPU
	EndGlobalSection
	GlobalSection(ProjectConfigurationPlatforms) = postSolution
		{E212594A-4D4F-4FAF-A2D7-08388EBE6D48}.Debug|Any CPU.ActiveCfg = Debug|Any CPU
		{E212594A-4D4F-4FAF-A2D7-08388EBE6D48}.Debug|Any CPU.Build.0 = Debug|Any CPU
		{E212594A-4D4F-4FAF-A2D7-08388EBE6D48}.Release|Any CPU.ActiveCfg = Release|Any CPU
		{E212594A-4D4F-4FAF-A2D7-08388EBE6D48}.Release|Any CPU.Build.0 = Release|Any CPU
	EndGlobalSection
	GlobalSection(SolutionProperties) = preSolution
		HideSolutionNode = FALSE
	EndGlobalSection
	GlobalSection(ExtensibilityGlobals) = postSolution
		SolutionGuid = {7B92BCE2-C54E-4886-BA9A-E2474D9502B6}
	EndGlobalSection
EndGlobal
